
Microsoft Visual Studio Solution File, Format Version 12.00
# Visual Studio Version 17
VisualStudioVersion = 17.6.33815.320
MinimumVisualStudioVersion = 10.0.40219.1
Project("{FAE04EC0-301F-11D3-BF4B-00C04F79EFBC}") = "WingChiLam_Quiz4", "WingChiLam_Quiz4\WingChiLam_Quiz4.csproj", "{3855DDA5-5EC3-403F-A0BD-AD07916A4F4A}"
EndProject
Global
	GlobalSection(SolutionConfigurationPlatforms) = preSolution
		Debug|Any CPU = Debug|Any CPU
		Release|Any CPU = Release|Any CPU
	EndGlobalSection
	GlobalSection(ProjectConfigurationPlatforms) = postSolution
		{3855DDA5-5EC3-403F-A0BD-AD07916A4F4A}.Debug|Any CPU.ActiveCfg = Debug|Any CPU
		{3855DDA5-5EC3-403F-A0BD-AD07916A4F4A}.Debug|Any CPU.Build.0 = Debug|Any CPU
		{3855DDA5-5EC3-403F-A0BD-AD07916A4F4A}.Release|Any CPU.ActiveCfg = Release|Any CPU
		{3855DDA5-5EC3-403F-A0BD-AD07916A4F4A}.Release|Any CPU.Build.0 = Release|Any CPU
	EndGlobalSection
	GlobalSection(SolutionProperties) = preSolution
		HideSolutionNode = FALSE
	EndGlobalSection
	GlobalSection(ExtensibilityGlobals) = postSolution
		SolutionGuid = {4BC2CF63-1377-45FA-B432-E6D9B4231D68}
	EndGlobalSection
EndGlobal
